
Microsoft Visual Studio Solution File, Format Version 12.00
# Visual Studio Version 16
VisualStudioVersion = 16.0.29519.87
MinimumVisualStudioVersion = 10.0.40219.1
Project("{F184B08F-C81C-45F6-A57F-5ABD9991F28F}") = "sqveri", "sqveri\sqveri.vbproj", "{BC2FC4E4-29DB-4FDC-A544-72979C7D9895}"
EndProject
Global
	GlobalSection(SolutionConfigurationPlatforms) = preSolution
		Debug|Any CPU = Debug|Any CPU
		Release|Any CPU = Release|Any CPU
	EndGlobalSection
	GlobalSection(ProjectConfigurationPlatforms) = postSolution
		{BC2FC4E4-29DB-4FDC-A544-72979C7D9895}.Debug|Any CPU.ActiveCfg = Debug|Any CPU
		{BC2FC4E4-29DB-4FDC-A544-72979C7D9895}.Debug|Any CPU.Build.0 = Debug|Any CPU
		{BC2FC4E4-29DB-4FDC-A544-72979C7D9895}.Release|Any CPU.ActiveCfg = Release|Any CPU
		{BC2FC4E4-29DB-4FDC-A544-72979C7D9895}.Release|Any CPU.Build.0 = Release|Any CPU
	EndGlobalSection
	GlobalSection(SolutionProperties) = preSolution
		HideSolutionNode = FALSE
	EndGlobalSection
	GlobalSection(ExtensibilityGlobals) = postSolution
		SolutionGuid = {DDE68A63-D003-4DC5-9227-E1653AB77CA8}
	EndGlobalSection
EndGlobal
